<Solution>
  <Folder Name="/Testing/">
    <Project
      Path="solution/Testing/ComplexNLayerTemplate.Testing.Integration/ComplexNLayerTemplate.Testing.Integration.csproj"
      Id="c790a793-aaa4-478f-8824-c475a11de900"
    />
    <Project
      Path="solution/Testing/ComplexNLayerTemplate.Testing.Services.Unit/ComplexNLayerTemplate.Testing.Unit.csproj"
      Id="ce2677fd-82dc-4c75-8034-6e26c0d8dfad"
    />
  </Folder>
  <Project Path="docker-compose.dcproj">
    <Build />
  </Project>
  <Project Path="solution/ComplexNLayerTemplate.Data/ComplexNLayerTemplate.Data.csproj" />
  <Project Path="solution/ComplexNLayerTemplate.Repository/ComplexNLayerTemplate.Repository.csproj" />
  <Project Path="solution/ComplexNLayerTemplate.Service/ComplexNLayerTemplate.Service.csproj" />
  <Project Path="solution/ComplexNLayerTemplate.Web.Angular/ComplexNLayerTemplate.Web.Angular.esproj">
    <Build />
    <Deploy />
  </Project>
  <Project Path="solution/ComplexNLayerTemplate.Web.API/ComplexNLayerTemplate.Web.API.csproj" />
  <Project Path="solution/ComplexNLayerTemplate.Web.MVC/ComplexNLayerTemplate.Web.MVC.csproj" />
</Solution>
