<Solution>
  <Folder Name="/Testing/">
    <Project Path="src/Testing/BasicNtierTemplate.Testing.Services.Unit/BasicNtierTemplate.Testing.Unit.csproj" Id="ce2677fd-82dc-4c75-8034-6e26c0d8dfad" />
  </Folder>
  <Project Path="src/BasicNtierTemplate.Data/BasicNtierTemplate.Data.csproj" />
  <Project Path="src/BasicNtierTemplate.Repository/BasicNtierTemplate.Repository.csproj" />
  <Project Path="src/BasicNtierTemplate.Service/BasicNtierTemplate.Service.csproj" />
  <Project Path="src/BasicNtierTemplate.Web.Angular/BasicNtierTemplate.Web.Angular.esproj">
    <Build />
    <Deploy />
  </Project>
  <Project Path="src/BasicNtierTemplate.Web.API/BasicNtierTemplate.Web.API.csproj" />
  <Project Path="src/BasicNtierTemplate.Web.MVC/BasicNtierTemplate.Web.MVC.csproj" />
</Solution>
