
Microsoft Visual Studio Solution File, Format Version 12.00
# Visual Studio Version 17
VisualStudioVersion = 17.14.36518.9
MinimumVisualStudioVersion = 10.0.40219.1
Project("{FAE04EC0-301F-11D3-BF4B-00C04F79EFBC}") = "BasicNtierTemplate.API", "BasicNtierTemplate.API\BasicNtierTemplate.API.csproj", "{3B038546-C363-471A-9D58-F6D475CBC7C2}"
EndProject
Project("{FAE04EC0-301F-11D3-BF4B-00C04F79EFBC}") = "BasicNtierTemplate.Data", "BasicNtierTemplate.Data\BasicNtierTemplate.Data.csproj", "{7E07B764-76C5-41E3-A890-4AFD72DDFB22}"
EndProject
Project("{FAE04EC0-301F-11D3-BF4B-00C04F79EFBC}") = "BasicNtierTemplate.Repository", "BasicNtierTemplate.Repository\BasicNtierTemplate.Repository.csproj", "{78559D09-1014-4AD0-929A-EC929E67E1DB}"
EndProject
Project("{FAE04EC0-301F-11D3-BF4B-00C04F79EFBC}") = "BasicNtierTemplate.Service", "BasicNtierTemplate.Service\BasicNtierTemplate.Service.csproj", "{5DFF6E8F-CFA0-4B17-B323-E00AB32B4569}"
EndProject
Project("{FAE04EC0-301F-11D3-BF4B-00C04F79EFBC}") = "BasicNtierTemplate.Web.MVC", "BasicNtierTemplate.Web.MVC\BasicNtierTemplate.Web.MVC.csproj", "{F5728761-A152-4E30-85E4-717E8212A34D}"
EndProject
Global
	GlobalSection(SolutionConfigurationPlatforms) = preSolution
		Debug|Any CPU = Debug|Any CPU
		Release|Any CPU = Release|Any CPU
	EndGlobalSection
	GlobalSection(ProjectConfigurationPlatforms) = postSolution
		{3B038546-C363-471A-9D58-F6D475CBC7C2}.Debug|Any CPU.ActiveCfg = Debug|Any CPU
		{3B038546-C363-471A-9D58-F6D475CBC7C2}.Debug|Any CPU.Build.0 = Debug|Any CPU
		{3B038546-C363-471A-9D58-F6D475CBC7C2}.Release|Any CPU.ActiveCfg = Release|Any CPU
		{3B038546-C363-471A-9D58-F6D475CBC7C2}.Release|Any CPU.Build.0 = Release|Any CPU
		{7E07B764-76C5-41E3-A890-4AFD72DDFB22}.Debug|Any CPU.ActiveCfg = Debug|Any CPU
		{7E07B764-76C5-41E3-A890-4AFD72DDFB22}.Debug|Any CPU.Build.0 = Debug|Any CPU
		{7E07B764-76C5-41E3-A890-4AFD72DDFB22}.Release|Any CPU.ActiveCfg = Release|Any CPU
		{7E07B764-76C5-41E3-A890-4AFD72DDFB22}.Release|Any CPU.Build.0 = Release|Any CPU
		{78559D09-1014-4AD0-929A-EC929E67E1DB}.Debug|Any CPU.ActiveCfg = Debug|Any CPU
		{78559D09-1014-4AD0-929A-EC929E67E1DB}.Debug|Any CPU.Build.0 = Debug|Any CPU
		{78559D09-1014-4AD0-929A-EC929E67E1DB}.Release|Any CPU.ActiveCfg = Release|Any CPU
		{78559D09-1014-4AD0-929A-EC929E67E1DB}.Release|Any CPU.Build.0 = Release|Any CPU
		{5DFF6E8F-CFA0-4B17-B323-E00AB32B4569}.Debug|Any CPU.ActiveCfg = Debug|Any CPU
		{5DFF6E8F-CFA0-4B17-B323-E00AB32B4569}.Debug|Any CPU.Build.0 = Debug|Any CPU
		{5DFF6E8F-CFA0-4B17-B323-E00AB32B4569}.Release|Any CPU.ActiveCfg = Release|Any CPU
		{5DFF6E8F-CFA0-4B17-B323-E00AB32B4569}.Release|Any CPU.Build.0 = Release|Any CPU
		{F5728761-A152-4E30-85E4-717E8212A34D}.Debug|Any CPU.ActiveCfg = Debug|Any CPU
		{F5728761-A152-4E30-85E4-717E8212A34D}.Debug|Any CPU.Build.0 = Debug|Any CPU
		{F5728761-A152-4E30-85E4-717E8212A34D}.Release|Any CPU.ActiveCfg = Release|Any CPU
		{F5728761-A152-4E30-85E4-717E8212A34D}.Release|Any CPU.Build.0 = Release|Any CPU
	EndGlobalSection
	GlobalSection(SolutionProperties) = preSolution
		HideSolutionNode = FALSE
	EndGlobalSection
	GlobalSection(ExtensibilityGlobals) = postSolution
		SolutionGuid = {C3AB9540-E063-4691-873F-9F05DA74504C}
	EndGlobalSection
EndGlobal
