<Solution>
  <Folder Name="/Testing/">
    <Project Path="solution/Testing/BasicNtierTemplate.Testing.Integration/BasicNtierTemplate.Testing.Integration.csproj" Id="c790a793-aaa4-478f-8824-c475a11de900" />
    <Project Path="solution/Testing/BasicNtierTemplate.Testing.Services.Unit/BasicNtierTemplate.Testing.Unit.csproj" Id="ce2677fd-82dc-4c75-8034-6e26c0d8dfad" />
  </Folder>
  <Project Path="docker-compose.dcproj">
    <Build />
  </Project>
  <Project Path="solution/BasicNtierTemplate.Data/BasicNtierTemplate.Data.csproj" />
  <Project Path="solution/BasicNtierTemplate.Repository/BasicNtierTemplate.Repository.csproj" />
  <Project Path="solution/BasicNtierTemplate.Service/BasicNtierTemplate.Service.csproj" />
  <Project Path="solution/BasicNtierTemplate.Web.Angular/BasicNtierTemplate.Web.Angular.esproj">
    <Build />
    <Deploy />
  </Project>
  <Project Path="solution/BasicNtierTemplate.Web.API/BasicNtierTemplate.Web.API.csproj" />
  <Project Path="solution/BasicNtierTemplate.Web.MVC/BasicNtierTemplate.Web.MVC.csproj" />
</Solution>
