<Solution>
  <Project Path="src/BasicNtierTemplate.Data/BasicNtierTemplate.Data.csproj" />
  <Project Path="src/BasicNtierTemplate.Repository/BasicNtierTemplate.Repository.csproj" />
  <Project Path="src/BasicNtierTemplate.Service/BasicNtierTemplate.Service.csproj" />
  <Project Path="src/BasicNtierTemplate.Web.Angular/BasicNtierTemplate.Web.Angular.esproj">
    <Build />
    <Deploy />
  </Project>
  <Project Path="src/BasicNtierTemplate.Web.API/BasicNtierTemplate.Web.API.csproj" />
  <Project Path="src/BasicNtierTemplate.Web.MVC/BasicNtierTemplate.Web.MVC.csproj" />
</Solution>
