<Solution>
  <Folder Name="/tests/">
    <Project
      Path="solution/tests/CleanArchitectureTemplate.Tests.Integration/CleanArchitectureTemplate.Tests.Integration.csproj"
      Id="c790a793-aaa4-478f-8824-c475a11de900"
    />
    <Project
      Path="solution/tests/CleanArchitectureTemplate.Tests.Unit/CleanArchitectureTemplate.Tests.Unit.csproj"
      Id="ce2677fd-82dc-4c75-8034-6e26c0d8dfad"
    />
  </Folder>
  <Project Path="docker-compose.dcproj">
    <Build />
  </Project>
  <Project Path="solution/CleanArchitectureTemplate.Infrastructure/CleanArchitectureTemplate.Infrastructure.csproj" />
  <Project Path="solution/CleanArchitectureTemplate.ApplicationCore/CleanArchitectureTemplate.ApplicationCore.csproj" />
  <Project Path="solution/CleanArchitectureTemplate.API/CleanArchitectureTemplate.API.csproj" />
  <Project Path="solution/CleanArchitectureTemplate.Web/CleanArchitectureTemplate.Web.csproj" />
</Solution>
