<Solution>
  <Folder Name="/Testing/">
    <Project Path="solution/Testing/ComplexNtierTemplate.Testing.Integration/ComplexNtierTemplate.Testing.Integration.csproj" Id="c790a793-aaa4-478f-8824-c475a11de900" />
    <Project Path="solution/Testing/ComplexNtierTemplate.Testing.Services.Unit/ComplexNtierTemplate.Testing.Unit.csproj" Id="ce2677fd-82dc-4c75-8034-6e26c0d8dfad" />
  </Folder>
  <Project Path="docker-compose.dcproj">
    <Build />
  </Project>
  <Project Path="solution/ComplexNtierTemplate.Data/ComplexNtierTemplate.Data.csproj" />
  <Project Path="solution/ComplexNtierTemplate.Repository/ComplexNtierTemplate.Repository.csproj" />
  <Project Path="solution/ComplexNtierTemplate.Service/ComplexNtierTemplate.Service.csproj" />
  <Project Path="solution/ComplexNtierTemplate.Web.Angular/ComplexNtierTemplate.Web.Angular.esproj">
    <Build />
    <Deploy />
  </Project>
  <Project Path="solution/ComplexNtierTemplate.Web.API/ComplexNtierTemplate.Web.API.csproj" />
  <Project Path="solution/ComplexNtierTemplate.Web.MVC/ComplexNtierTemplate.Web.MVC.csproj" />
</Solution>
